
Microsoft Visual Studio Solution File, Format Version 12.00
# Visual Studio Version 17
VisualStudioVersion = 17.0.32112.339
MinimumVisualStudioVersion = 10.0.40219.1
Project("{9A19103F-16F7-4668-BE54-9A1E7A4F7556}") = "MiniApp.Core", "MinimalFramework\MiniApp.Core.csproj", "{9EBF2CD1-48B6-4629-B6AD-410A5CFBBBC9}"
EndProject
Project("{9A19103F-16F7-4668-BE54-9A1E7A4F7556}") = "MiniApp.Api", "MinimalWebApi\MiniApp.Api.csproj", "{EA2E7E65-7F25-45C5-8892-C6C9BCC63510}"
EndProject
Project("{9A19103F-16F7-4668-BE54-9A1E7A4F7556}") = "TestingWebApi", "TestingWebApi\TestingWebApi.csproj", "{14CCF455-88C7-4205-9A06-79D0BBFDF459}"
EndProject
Project("{9A19103F-16F7-4668-BE54-9A1E7A4F7556}") = "MiniApp.Logger", "Logger\MiniApp.Logger.csproj", "{00EBDA42-7488-4708-895D-E08397DA47E7}"
EndProject
Project("{9A19103F-16F7-4668-BE54-9A1E7A4F7556}") = "MiniApp.Mediator", "MinimalMediator\MiniApp.Mediator.csproj", "{683EDF34-6504-48E3-B09C-2A1275E65293}"
EndProject
Project("{9A19103F-16F7-4668-BE54-9A1E7A4F7556}") = "MiniApp.Host", "MinimalHost\MiniApp.Host.csproj", "{FAD03C92-54CE-4588-AA9B-80B341D72E27}"
EndProject
Project("{9A19103F-16F7-4668-BE54-9A1E7A4F7556}") = "TestingHost", "TestingHost\TestingHost.csproj", "{C2B4B617-8053-4187-B362-13FD838EDD6F}"
EndProject
Project("{2150E333-8FDC-42A3-9474-1A3956D46DE8}") = "Apps", "Apps", "{B218673D-CB42-4D85-93EB-90AE6A9F4CDD}"
EndProject
Project("{9A19103F-16F7-4668-BE54-9A1E7A4F7556}") = "MiniApp.Observability.Extensions", "MinimalTracing\MiniApp.Observability.Extensions.csproj", "{AFBBEF88-1F5A-4FE5-BF4A-436451A5AB85}"
EndProject
Project("{9A19103F-16F7-4668-BE54-9A1E7A4F7556}") = "UnitTests", "UnitTests\UnitTests.csproj", "{DBEE8DBF-1A16-43E3-BB64-DCA3F549C958}"
EndProject
Project("{9A19103F-16F7-4668-BE54-9A1E7A4F7556}") = "TestingHost2", "TestingHost2\TestingHost2.csproj", "{3BF337DD-7EEF-42D2-A473-110A63885824}"
EndProject
Project("{9A19103F-16F7-4668-BE54-9A1E7A4F7556}") = "MiniApp.Http", "MinimalHttpClient\MiniApp.Http.csproj", "{D7A4E699-5260-4DB7-969D-D07B9B218944}"
EndProject
Project("{9A19103F-16F7-4668-BE54-9A1E7A4F7556}") = "MiniApp.Redis", "MinimalRedis\MiniApp.Redis.csproj", "{D7070854-21AC-47E8-8E62-A698DBCC704F}"
EndProject
Global
	GlobalSection(SolutionConfigurationPlatforms) = preSolution
		Debug|Any CPU = Debug|Any CPU
		Release|Any CPU = Release|Any CPU
	EndGlobalSection
	GlobalSection(ProjectConfigurationPlatforms) = postSolution
		{9EBF2CD1-48B6-4629-B6AD-410A5CFBBBC9}.Debug|Any CPU.ActiveCfg = Debug|Any CPU
		{9EBF2CD1-48B6-4629-B6AD-410A5CFBBBC9}.Debug|Any CPU.Build.0 = Debug|Any CPU
		{9EBF2CD1-48B6-4629-B6AD-410A5CFBBBC9}.Release|Any CPU.ActiveCfg = Release|Any CPU
		{9EBF2CD1-48B6-4629-B6AD-410A5CFBBBC9}.Release|Any CPU.Build.0 = Release|Any CPU
		{EA2E7E65-7F25-45C5-8892-C6C9BCC63510}.Debug|Any CPU.ActiveCfg = Debug|Any CPU
		{EA2E7E65-7F25-45C5-8892-C6C9BCC63510}.Debug|Any CPU.Build.0 = Debug|Any CPU
		{EA2E7E65-7F25-45C5-8892-C6C9BCC63510}.Release|Any CPU.ActiveCfg = Release|Any CPU
		{EA2E7E65-7F25-45C5-8892-C6C9BCC63510}.Release|Any CPU.Build.0 = Release|Any CPU
		{14CCF455-88C7-4205-9A06-79D0BBFDF459}.Debug|Any CPU.ActiveCfg = Debug|Any CPU
		{14CCF455-88C7-4205-9A06-79D0BBFDF459}.Debug|Any CPU.Build.0 = Debug|Any CPU
		{14CCF455-88C7-4205-9A06-79D0BBFDF459}.Release|Any CPU.ActiveCfg = Release|Any CPU
		{14CCF455-88C7-4205-9A06-79D0BBFDF459}.Release|Any CPU.Build.0 = Release|Any CPU
		{00EBDA42-7488-4708-895D-E08397DA47E7}.Debug|Any CPU.ActiveCfg = Debug|Any CPU
		{00EBDA42-7488-4708-895D-E08397DA47E7}.Debug|Any CPU.Build.0 = Debug|Any CPU
		{00EBDA42-7488-4708-895D-E08397DA47E7}.Release|Any CPU.ActiveCfg = Release|Any CPU
		{00EBDA42-7488-4708-895D-E08397DA47E7}.Release|Any CPU.Build.0 = Release|Any CPU
		{683EDF34-6504-48E3-B09C-2A1275E65293}.Debug|Any CPU.ActiveCfg = Debug|Any CPU
		{683EDF34-6504-48E3-B09C-2A1275E65293}.Debug|Any CPU.Build.0 = Debug|Any CPU
		{683EDF34-6504-48E3-B09C-2A1275E65293}.Release|Any CPU.ActiveCfg = Release|Any CPU
		{683EDF34-6504-48E3-B09C-2A1275E65293}.Release|Any CPU.Build.0 = Release|Any CPU
		{FAD03C92-54CE-4588-AA9B-80B341D72E27}.Debug|Any CPU.ActiveCfg = Debug|Any CPU
		{FAD03C92-54CE-4588-AA9B-80B341D72E27}.Debug|Any CPU.Build.0 = Debug|Any CPU
		{FAD03C92-54CE-4588-AA9B-80B341D72E27}.Release|Any CPU.ActiveCfg = Release|Any CPU
		{FAD03C92-54CE-4588-AA9B-80B341D72E27}.Release|Any CPU.Build.0 = Release|Any CPU
		{C2B4B617-8053-4187-B362-13FD838EDD6F}.Debug|Any CPU.ActiveCfg = Debug|Any CPU
		{C2B4B617-8053-4187-B362-13FD838EDD6F}.Debug|Any CPU.Build.0 = Debug|Any CPU
		{C2B4B617-8053-4187-B362-13FD838EDD6F}.Release|Any CPU.ActiveCfg = Release|Any CPU
		{C2B4B617-8053-4187-B362-13FD838EDD6F}.Release|Any CPU.Build.0 = Release|Any CPU
		{AFBBEF88-1F5A-4FE5-BF4A-436451A5AB85}.Debug|Any CPU.ActiveCfg = Debug|Any CPU
		{AFBBEF88-1F5A-4FE5-BF4A-436451A5AB85}.Debug|Any CPU.Build.0 = Debug|Any CPU
		{AFBBEF88-1F5A-4FE5-BF4A-436451A5AB85}.Release|Any CPU.ActiveCfg = Release|Any CPU
		{AFBBEF88-1F5A-4FE5-BF4A-436451A5AB85}.Release|Any CPU.Build.0 = Release|Any CPU
		{DBEE8DBF-1A16-43E3-BB64-DCA3F549C958}.Debug|Any CPU.ActiveCfg = Debug|Any CPU
		{DBEE8DBF-1A16-43E3-BB64-DCA3F549C958}.Debug|Any CPU.Build.0 = Debug|Any CPU
		{DBEE8DBF-1A16-43E3-BB64-DCA3F549C958}.Release|Any CPU.ActiveCfg = Release|Any CPU
		{DBEE8DBF-1A16-43E3-BB64-DCA3F549C958}.Release|Any CPU.Build.0 = Release|Any CPU
		{3BF337DD-7EEF-42D2-A473-110A63885824}.Debug|Any CPU.ActiveCfg = Debug|Any CPU
		{3BF337DD-7EEF-42D2-A473-110A63885824}.Debug|Any CPU.Build.0 = Debug|Any CPU
		{3BF337DD-7EEF-42D2-A473-110A63885824}.Release|Any CPU.ActiveCfg = Release|Any CPU
		{3BF337DD-7EEF-42D2-A473-110A63885824}.Release|Any CPU.Build.0 = Release|Any CPU
		{D7A4E699-5260-4DB7-969D-D07B9B218944}.Debug|Any CPU.ActiveCfg = Debug|Any CPU
		{D7A4E699-5260-4DB7-969D-D07B9B218944}.Debug|Any CPU.Build.0 = Debug|Any CPU
		{D7A4E699-5260-4DB7-969D-D07B9B218944}.Release|Any CPU.ActiveCfg = Release|Any CPU
		{D7A4E699-5260-4DB7-969D-D07B9B218944}.Release|Any CPU.Build.0 = Release|Any CPU
		{D7070854-21AC-47E8-8E62-A698DBCC704F}.Debug|Any CPU.ActiveCfg = Debug|Any CPU
		{D7070854-21AC-47E8-8E62-A698DBCC704F}.Debug|Any CPU.Build.0 = Debug|Any CPU
		{D7070854-21AC-47E8-8E62-A698DBCC704F}.Release|Any CPU.ActiveCfg = Release|Any CPU
		{D7070854-21AC-47E8-8E62-A698DBCC704F}.Release|Any CPU.Build.0 = Release|Any CPU
	EndGlobalSection
	GlobalSection(SolutionProperties) = preSolution
		HideSolutionNode = FALSE
	EndGlobalSection
	GlobalSection(NestedProjects) = preSolution
		{14CCF455-88C7-4205-9A06-79D0BBFDF459} = {B218673D-CB42-4D85-93EB-90AE6A9F4CDD}
		{C2B4B617-8053-4187-B362-13FD838EDD6F} = {B218673D-CB42-4D85-93EB-90AE6A9F4CDD}
		{3BF337DD-7EEF-42D2-A473-110A63885824} = {B218673D-CB42-4D85-93EB-90AE6A9F4CDD}
	EndGlobalSection
	GlobalSection(ExtensibilityGlobals) = postSolution
		SolutionGuid = {955362A1-741F-4325-85EF-A3E156953F44}
	EndGlobalSection
EndGlobal
